// !$*UTF8*$!
{
	archiveVersion = 1;
	classes = {
	};
	objectVersion = 46;
	objects = {

/* Begin PBXBuildFile section */
		434ED0671DE167E200BC8B73 /* AppDelegate.swift in Sources */ = {isa = PBXBuildFile; fileRef = 434ED0661DE167E200BC8B73 /* AppDelegate.swift */; };
		434ED0691DE167E200BC8B73 /* ViewController.swift in Sources */ = {isa = PBXBuildFile; fileRef = 434ED0681DE167E200BC8B73 /* ViewController.swift */; };
		434ED06C1DE167E200BC8B73 /* Main.storyboard in Resources */ = {isa = PBXBuildFile; fileRef = 434ED06A1DE167E200BC8B73 /* Main.storyboard */; };
		434ED06E1DE167E200BC8B73 /* Assets.xcassets in Resources */ = {isa = PBXBuildFile; fileRef = 434ED06D1DE167E200BC8B73 /* Assets.xcassets */; };
		434ED0711DE167E200BC8B73 /* LaunchScreen.storyboard in Resources */ = {isa = PBXBuildFile; fileRef = 434ED06F1DE167E200BC8B73 /* LaunchScreen.storyboard */; };
		434ED07C1DE167E300BC8B73 /* bannshoTests.swift in Sources */ = {isa = PBXBuildFile; fileRef = 434ED07B1DE167E300BC8B73 /* bannshoTests.swift */; };
		434ED0871DE167E300BC8B73 /* bannshoUITests.swift in Sources */ = {isa = PBXBuildFile; fileRef = 434ED0861DE167E300BC8B73 /* bannshoUITests.swift */; };
		435DA25D1DF3FA7C0044A56D /* MainViewController.swift in Sources */ = {isa = PBXBuildFile; fileRef = 435DA25C1DF3FA7C0044A56D /* MainViewController.swift */; };
/* End PBXBuildFile section */

/* Begin PBXContainerItemProxy section */
		434ED0781DE167E300BC8B73 /* PBXContainerItemProxy */ = {
			isa = PBXContainerItemProxy;
			containerPortal = 434ED05B1DE167E200BC8B73 /* Project object */;
			proxyType = 1;
			remoteGlobalIDString = 434ED0621DE167E200BC8B73;
			remoteInfo = bannsho;
		};
		434ED0831DE167E300BC8B73 /* PBXContainerItemProxy */ = {
			isa = PBXContainerItemProxy;
			containerPortal = 434ED05B1DE167E200BC8B73 /* Project object */;
			proxyType = 1;
			remoteGlobalIDString = 434ED0621DE167E200BC8B73;
			remoteInfo = bannsho;
		};
/* End PBXContainerItemProxy section */

/* Begin PBXFileReference section */
		434ED0631DE167E200BC8B73 /* bannsho.app */ = {isa = PBXFileReference; explicitFileType = wrapper.application; includeInIndex = 0; path = bannsho.app; sourceTree = BUILT_PRODUCTS_DIR; };
		434ED0661DE167E200BC8B73 /* AppDelegate.swift */ = {isa = PBXFileReference; lastKnownFileType = sourcecode.swift; path = AppDelegate.swift; sourceTree = "<group>"; };
		434ED0681DE167E200BC8B73 /* ViewController.swift */ = {isa = PBXFileReference; lastKnownFileType = sourcecode.swift; path = ViewController.swift; sourceTree = "<group>"; };
		434ED06B1DE167E200BC8B73 /* Base */ = {isa = PBXFileReference; lastKnownFileType = file.storyboard; name = Base; path = Base.lproj/Main.storyboard; sourceTree = "<group>"; };
		434ED06D1DE167E200BC8B73 /* Assets.xcassets */ = {isa = PBXFileReference; lastKnownFileType = folder.assetcatalog; path = Assets.xcassets; sourceTree = "<group>"; };
		434ED0701DE167E200BC8B73 /* Base */ = {isa = PBXFileReference; lastKnownFileType = file.storyboard; name = Base; path = Base.lproj/LaunchScreen.storyboard; sourceTree = "<group>"; };
		434ED0721DE167E200BC8B73 /* Info.plist */ = {isa = PBXFileReference; lastKnownFileType = text.plist.xml; path = Info.plist; sourceTree = "<group>"; };
		434ED0771DE167E300BC8B73 /* bannshoTests.xctest */ = {isa = PBXFileReference; explicitFileType = wrapper.cfbundle; includeInIndex = 0; path = bannshoTests.xctest; sourceTree = BUILT_PRODUCTS_DIR; };
		434ED07B1DE167E300BC8B73 /* bannshoTests.swift */ = {isa = PBXFileReference; lastKnownFileType = sourcecode.swift; path = bannshoTests.swift; sourceTree = "<group>"; };
		434ED07D1DE167E300BC8B73 /* Info.plist */ = {isa = PBXFileReference; lastKnownFileType = text.plist.xml; path = Info.plist; sourceTree = "<group>"; };
		434ED0821DE167E300BC8B73 /* bannshoUITests.xctest */ = {isa = PBXFileReference; explicitFileType = wrapper.cfbundle; includeInIndex = 0; path = bannshoUITests.xctest; sourceTree = BUILT_PRODUCTS_DIR; };
		434ED0861DE167E300BC8B73 /* bannshoUITests.swift */ = {isa = PBXFileReference; lastKnownFileType = sourcecode.swift; path = bannshoUITests.swift; sourceTree = "<group>"; };
		434ED0881DE167E300BC8B73 /* Info.plist */ = {isa = PBXFileReference; lastKnownFileType = text.plist.xml; path = Info.plist; sourceTree = "<group>"; };
		435DA25C1DF3FA7C0044A56D /* MainViewController.swift */ = {isa = PBXFileReference; fileEncoding = 4; lastKnownFileType = sourcecode.swift; path = MainViewController.swift; sourceTree = "<group>"; };
/* End PBXFileReference section */

/* Begin PBXFrameworksBuildPhase section */
		434ED0601DE167E200BC8B73 /* Frameworks */ = {
			isa = PBXFrameworksBuildPhase;
			buildActionMask = 2147483647;
			files = (
			);
			runOnlyForDeploymentPostprocessing = 0;
		};
		434ED0741DE167E300BC8B73 /* Frameworks */ = {
			isa = PBXFrameworksBuildPhase;
			buildActionMask = 2147483647;
			files = (
			);
			runOnlyForDeploymentPostprocessing = 0;
		};
		434ED07F1DE167E300BC8B73 /* Frameworks */ = {
			isa = PBXFrameworksBuildPhase;
			buildActionMask = 2147483647;
			files = (
			);
			runOnlyForDeploymentPostprocessing = 0;
		};
/* End PBXFrameworksBuildPhase section */

/* Begin PBXGroup section */
		434ED05A1DE167E200BC8B73 = {
			isa = PBXGroup;
			children = (
				434ED0651DE167E200BC8B73 /* bannsho */,
				434ED07A1DE167E300BC8B73 /* bannshoTests */,
				434ED0851DE167E300BC8B73 /* bannshoUITests */,
				434ED0641DE167E200BC8B73 /* Products */,
			);
			sourceTree = "<group>";
		};
		434ED0641DE167E200BC8B73 /* Products */ = {
			isa = PBXGroup;
			children = (
				434ED0631DE167E200BC8B73 /* bannsho.app */,
				434ED0771DE167E300BC8B73 /* bannshoTests.xctest */,
				434ED0821DE167E300BC8B73 /* bannshoUITests.xctest */,
			);
			name = Products;
			sourceTree = "<group>";
		};
		434ED0651DE167E200BC8B73 /* bannsho */ = {
			isa = PBXGroup;
			children = (
				434ED0661DE167E200BC8B73 /* AppDelegate.swift */,
				434ED0681DE167E200BC8B73 /* ViewController.swift */,
				434ED06A1DE167E200BC8B73 /* Main.storyboard */,
				434ED06D1DE167E200BC8B73 /* Assets.xcassets */,
				434ED06F1DE167E200BC8B73 /* LaunchScreen.storyboard */,
				434ED0721DE167E200BC8B73 /* Info.plist */,
				435DA25C1DF3FA7C0044A56D /* MainViewController.swift */,
			);
			path = bannsho;
			sourceTree = "<group>";
		};
		434ED07A1DE167E300BC8B73 /* bannshoTests */ = {
			isa = PBXGroup;
			children = (
				434ED07B1DE167E300BC8B73 /* bannshoTests.swift */,
				434ED07D1DE167E300BC8B73 /* Info.plist */,
			);
			path = bannshoTests;
			sourceTree = "<group>";
		};
		434ED0851DE167E300BC8B73 /* bannshoUITests */ = {
			isa = PBXGroup;
			children = (
				434ED0861DE167E300BC8B73 /* bannshoUITests.swift */,
				434ED0881DE167E300BC8B73 /* Info.plist */,
			);
			path = bannshoUITests;
			sourceTree = "<group>";
		};
/* End PBXGroup section */

/* Begin PBXNativeTarget section */
		434ED0621DE167E200BC8B73 /* bannsho */ = {
			isa = PBXNativeTarget;
			buildConfigurationList = 434ED08B1DE167E300BC8B73 /* Build configuration list for PBXNativeTarget "bannsho" */;
			buildPhases = (
				434ED05F1DE167E200BC8B73 /* Sources */,
				434ED0601DE167E200BC8B73 /* Frameworks */,
				434ED0611DE167E200BC8B73 /* Resources */,
			);
			buildRules = (
			);
			dependencies = (
			);
			name = bannsho;
			productName = bannsho;
			productReference = 434ED0631DE167E200BC8B73 /* bannsho.app */;
			productType = "com.apple.product-type.application";
		};
		434ED0761DE167E300BC8B73 /* bannshoTests */ = {
			isa = PBXNativeTarget;
			buildConfigurationList = 434ED08E1DE167E300BC8B73 /* Build configuration list for PBXNativeTarget "bannshoTests" */;
			buildPhases = (
				434ED0731DE167E300BC8B73 /* Sources */,
				434ED0741DE167E300BC8B73 /* Frameworks */,
				434ED0751DE167E300BC8B73 /* Resources */,
			);
			buildRules = (
			);
			dependencies = (
				434ED0791DE167E300BC8B73 /* PBXTargetDependency */,
			);
			name = bannshoTests;
			productName = bannshoTests;
			productReference = 434ED0771DE167E300BC8B73 /* bannshoTests.xctest */;
			productType = "com.apple.product-type.bundle.unit-test";
		};
		434ED0811DE167E300BC8B73 /* bannshoUITests */ = {
			isa = PBXNativeTarget;
			buildConfigurationList = 434ED0911DE167E300BC8B73 /* Build configuration list for PBXNativeTarget "bannshoUITests" */;
			buildPhases = (
				434ED07E1DE167E300BC8B73 /* Sources */,
				434ED07F1DE167E300BC8B73 /* Frameworks */,
				434ED0801DE167E300BC8B73 /* Resources */,
			);
			buildRules = (
			);
			dependencies = (
				434ED0841DE167E300BC8B73 /* PBXTargetDependency */,
			);
			name = bannshoUITests;
			productName = bannshoUITests;
			productReference = 434ED0821DE167E300BC8B73 /* bannshoUITests.xctest */;
			productType = "com.apple.product-type.bundle.ui-testing";
		};
/* End PBXNativeTarget section */

/* Begin PBXProject section */
		434ED05B1DE167E200BC8B73 /* Project object */ = {
			isa = PBXProject;
			attributes = {
				LastSwiftUpdateCheck = 0820;
				LastUpgradeCheck = 0820;
				ORGANIZATIONNAME = "鈴木莉夏";
				TargetAttributes = {
					434ED0621DE167E200BC8B73 = {
						CreatedOnToolsVersion = 8.2;
						DevelopmentTeam = LCPF7KFHDX;
						ProvisioningStyle = Automatic;
					};
					434ED0761DE167E300BC8B73 = {
						CreatedOnToolsVersion = 8.2;
						ProvisioningStyle = Automatic;
						TestTargetID = 434ED0621DE167E200BC8B73;
					};
					434ED0811DE167E300BC8B73 = {
						CreatedOnToolsVersion = 8.2;
						ProvisioningStyle = Automatic;
						TestTargetID = 434ED0621DE167E200BC8B73;
					};
				};
			};
			buildConfigurationList = 434ED05E1DE167E200BC8B73 /* Build configuration list for PBXProject "bannsho" */;
			compatibilityVersion = "Xcode 3.2";
			developmentRegion = English;
			hasScannedForEncodings = 0;
			knownRegions = (
				en,
				Base,
			);
			mainGroup = 434ED05A1DE167E200BC8B73;
			productRefGroup = 434ED0641DE167E200BC8B73 /* Products */;
			projectDirPath = "";
			projectRoot = "";
			targets = (
				434ED0621DE167E200BC8B73 /* bannsho */,
				434ED0761DE167E300BC8B73 /* bannshoTests */,
				434ED0811DE167E300BC8B73 /* bannshoUITests */,
			);
		};
/* End PBXProject section */

/* Begin PBXResourcesBuildPhase section */
		434ED0611DE167E200BC8B73 /* Resources */ = {
			isa = PBXResourcesBuildPhase;
			buildActionMask = 2147483647;
			files = (
				434ED0711DE167E200BC8B73 /* LaunchScreen.storyboard in Resources */,
				434ED06E1DE167E200BC8B73 /* Assets.xcassets in Resources */,
				434ED06C1DE167E200BC8B73 /* Main.storyboard in Resources */,
			);
			runOnlyForDeploymentPostprocessing = 0;
		};
		434ED0751DE167E300BC8B73 /* Resources */ = {
			isa = PBXResourcesBuildPhase;
			buildActionMask = 2147483647;
			files = (
			);
			runOnlyForDeploymentPostprocessing = 0;
		};
		434ED0801DE167E300BC8B73 /* Resources */ = {
			isa = PBXResourcesBuildPhase;
			buildActionMask = 2147483647;
			files = (
			);
			runOnlyForDeploymentPostprocessing = 0;
		};
/* End PBXResourcesBuildPhase section */

/* Begin PBXSourcesBuildPhase section */
		434ED05F1DE167E200BC8B73 /* Sources */ = {
			isa = PBXSourcesBuildPhase;
			buildActionMask = 2147483647;
			files = (
				435DA25D1DF3FA7C0044A56D /* MainViewController.swift in Sources */,
				434ED0691DE167E200BC8B73 /* ViewController.swift in Sources */,
				434ED0671DE167E200BC8B73 /* AppDelegate.swift in Sources */,
			);
			runOnlyForDeploymentPostprocessing = 0;
		};
		434ED0731DE167E300BC8B73 /* Sources */ = {
			isa = PBXSourcesBuildPhase;
			buildActionMask = 2147483647;
			files = (
				434ED07C1DE167E300BC8B73 /* bannshoTests.swift in Sources */,
			);
			runOnlyForDeploymentPostprocessing = 0;
		};
		434ED07E1DE167E300BC8B73 /* Sources */ = {
			isa = PBXSourcesBuildPhase;
			buildActionMask = 2147483647;
			files = (
				434ED0871DE167E300BC8B73 /* bannshoUITests.swift in Sources */,
			);
			runOnlyForDeploymentPostprocessing = 0;
		};
/* End PBXSourcesBuildPhase section */

/* Begin PBXTargetDependency section */
		434ED0791DE167E300BC8B73 /* PBXTargetDependency */ = {
			isa = PBXTargetDependency;
			target = 434ED0621DE167E200BC8B73 /* bannsho */;
			targetProxy = 434ED0781DE167E300BC8B73 /* PBXContainerItemProxy */;
		};
		434ED0841DE167E300BC8B73 /* PBXTargetDependency */ = {
			isa = PBXTargetDependency;
			target = 434ED0621DE167E200BC8B73 /* bannsho */;
			targetProxy = 434ED0831DE167E300BC8B73 /* PBXContainerItemProxy */;
		};
/* End PBXTargetDependency section */

/* Begin PBXVariantGroup section */
		434ED06A1DE167E200BC8B73 /* Main.storyboard */ = {
			isa = PBXVariantGroup;
			children = (
				434ED06B1DE167E200BC8B73 /* Base */,
			);
			name = Main.storyboard;
			sourceTree = "<group>";
		};
		434ED06F1DE167E200BC8B73 /* LaunchScreen.storyboard */ = {
			isa = PBXVariantGroup;
			children = (
				434ED0701DE167E200BC8B73 /* Base */,
			);
			name = LaunchScreen.storyboard;
			sourceTree = "<group>";
		};
/* End PBXVariantGroup section */

/* Begin XCBuildConfiguration section */
		434ED0891DE167E300BC8B73 /* Debug */ = {
			isa = XCBuildConfiguration;
			buildSettings = {
				ALWAYS_SEARCH_USER_PATHS = NO;
				CLANG_ANALYZER_NONNULL = YES;
				CLANG_CXX_LANGUAGE_STANDARD = "gnu++0x";
				CLANG_CXX_LIBRARY = "libc++";
				CLANG_ENABLE_MODULES = YES;
				CLANG_ENABLE_OBJC_ARC = YES;
				CLANG_WARN_BOOL_CONVERSION = YES;
				CLANG_WARN_CONSTANT_CONVERSION = YES;
				CLANG_WARN_DIRECT_OBJC_ISA_USAGE = YES_ERROR;
				CLANG_WARN_DOCUMENTATION_COMMENTS = YES;
				CLANG_WARN_EMPTY_BODY = YES;
				CLANG_WARN_ENUM_CONVERSION = YES;
				CLANG_WARN_INFINITE_RECURSION = YES;
				CLANG_WARN_INT_CONVERSION = YES;
				CLANG_WARN_OBJC_ROOT_CLASS = YES_ERROR;
				CLANG_WARN_SUSPICIOUS_MOVE = YES;
				CLANG_WARN_UNREACHABLE_CODE = YES;
				CLANG_WARN__DUPLICATE_METHOD_MATCH = YES;
				"CODE_SIGN_IDENTITY[sdk=iphoneos*]" = "iPhone Developer";
				COPY_PHASE_STRIP = NO;
				DEBUG_INFORMATION_FORMAT = dwarf;
				ENABLE_STRICT_OBJC_MSGSEND = YES;
				ENABLE_TESTABILITY = YES;
				GCC_C_LANGUAGE_STANDARD = gnu99;
				GCC_DYNAMIC_NO_PIC = NO;
				GCC_NO_COMMON_BLOCKS = YES;
				GCC_OPTIMIZATION_LEVEL = 0;
				GCC_PREPROCESSOR_DEFINITIONS = (
					"DEBUG=1",
					"$(inherited)",
				);
				GCC_WARN_64_TO_32_BIT_CONVERSION = YES;
				GCC_WARN_ABOUT_RETURN_TYPE = YES_ERROR;
				GCC_WARN_UNDECLARED_SELECTOR = YES;
				GCC_WARN_UNINITIALIZED_AUTOS = YES_AGGRESSIVE;
				GCC_WARN_UNUSED_FUNCTION = YES;
				GCC_WARN_UNUSED_VARIABLE = YES;
				IPHONEOS_DEPLOYMENT_TARGET = 10.2;
				MTL_ENABLE_DEBUG_INFO = YES;
				ONLY_ACTIVE_ARCH = YES;
				SDKROOT = iphoneos;
				SWIFT_ACTIVE_COMPILATION_CONDITIONS = DEBUG;
				SWIFT_OPTIMIZATION_LEVEL = "-Onone";
				TARGETED_DEVICE_FAMILY = "1,2";
			};
			name = Debug;
		};
		434ED08A1DE167E300BC8B73 /* Release */ = {
			isa = XCBuildConfiguration;
			buildSettings = {
				ALWAYS_SEARCH_USER_PATHS = NO;
				CLANG_ANALYZER_NONNULL = YES;
				CLANG_CXX_LANGUAGE_STANDARD = "gnu++0x";
				CLANG_CXX_LIBRARY = "libc++";
				CLANG_ENABLE_MODULES = YES;
				CLANG_ENABLE_OBJC_ARC = YES;
				CLANG_WARN_BOOL_CONVERSION = YES;
				CLANG_WARN_CONSTANT_CONVERSION = YES;
				CLANG_WARN_DIRECT_OBJC_ISA_USAGE = YES_ERROR;
				CLANG_WARN_DOCUMENTATION_COMMENTS = YES;
				CLANG_WARN_EMPTY_BODY = YES;
				CLANG_WARN_ENUM_CONVERSION = YES;
				CLANG_WARN_INFINITE_RECURSION = YES;
				CLANG_WARN_INT_CONVERSION = YES;
				CLANG_WARN_OBJC_ROOT_CLASS = YES_ERROR;
				CLANG_WARN_SUSPICIOUS_MOVE = YES;
				CLANG_WARN_UNREACHABLE_CODE = YES;
				CLANG_WARN__DUPLICATE_METHOD_MATCH = YES;
				"CODE_SIGN_IDENTITY[sdk=iphoneos*]" = "iPhone Developer";
				COPY_PHASE_STRIP = NO;
				DEBUG_INFORMATION_FORMAT = "dwarf-with-dsym";
				ENABLE_NS_ASSERTIONS = NO;
				ENABLE_STRICT_OBJC_MSGSEND = YES;
				GCC_C_LANGUAGE_STANDARD = gnu99;
				GCC_NO_COMMON_BLOCKS = YES;
				GCC_WARN_64_TO_32_BIT_CONVERSION = YES;
				GCC_WARN_ABOUT_RETURN_TYPE = YES_ERROR;
				GCC_WARN_UNDECLARED_SELECTOR = YES;
				GCC_WARN_UNINITIALIZED_AUTOS = YES_AGGRESSIVE;
				GCC_WARN_UNUSED_FUNCTION = YES;
				GCC_WARN_UNUSED_VARIABLE = YES;
				IPHONEOS_DEPLOYMENT_TARGET = 10.2;
				MTL_ENABLE_DEBUG_INFO = NO;
				SDKROOT = iphoneos;
				SWIFT_OPTIMIZATION_LEVEL = "-Owholemodule";
				TARGETED_DEVICE_FAMILY = "1,2";
				VALIDATE_PRODUCT = YES;
			};
			name = Release;
		};
		434ED08C1DE167E300BC8B73 /* Debug */ = {
			isa = XCBuildConfiguration;
			buildSettings = {
				ASSETCATALOG_COMPILER_APPICON_NAME = AppIcon;
				DEVELOPMENT_TEAM = LCPF7KFHDX;
				INFOPLIST_FILE = bannsho/Info.plist;
				IPHONEOS_DEPLOYMENT_TARGET = 9.3;
				LD_RUNPATH_SEARCH_PATHS = "$(inherited) @executable_path/Frameworks";
				PRODUCT_BUNDLE_IDENTIFIER = com.suzukirina.bannsho;
				PRODUCT_NAME = "$(TARGET_NAME)";
				SWIFT_VERSION = 3.0;
			};
			name = Debug;
		};
		434ED08D1DE167E300BC8B73 /* Release */ = {
			isa = XCBuildConfiguration;
			buildSettings = {
				ASSETCATALOG_COMPILER_APPICON_NAME = AppIcon;
				DEVELOPMENT_TEAM = LCPF7KFHDX;
				INFOPLIST_FILE = bannsho/Info.plist;
				IPHONEOS_DEPLOYMENT_TARGET = 9.3;
				LD_RUNPATH_SEARCH_PATHS = "$(inherited) @executable_path/Frameworks";
				PRODUCT_BUNDLE_IDENTIFIER = com.suzukirina.bannsho;
				PRODUCT_NAME = "$(TARGET_NAME)";
				SWIFT_VERSION = 3.0;
			};
			name = Release;
		};
		434ED08F1DE167E300BC8B73 /* Debug */ = {
			isa = XCBuildConfiguration;
			buildSettings = {
				ALWAYS_EMBED_SWIFT_STANDARD_LIBRARIES = YES;
				BUNDLE_LOADER = "$(TEST_HOST)";
				INFOPLIST_FILE = bannshoTests/Info.plist;
				LD_RUNPATH_SEARCH_PATHS = "$(inherited) @executable_path/Frameworks @loader_path/Frameworks";
				PRODUCT_BUNDLE_IDENTIFIER = com.suzukirina.bannshoTests;
				PRODUCT_NAME = "$(TARGET_NAME)";
				SWIFT_VERSION = 3.0;
				TEST_HOST = "$(BUILT_PRODUCTS_DIR)/bannsho.app/bannsho";
			};
			name = Debug;
		};
		434ED0901DE167E300BC8B73 /* Release */ = {
			isa = XCBuildConfiguration;
			buildSettings = {
				ALWAYS_EMBED_SWIFT_STANDARD_LIBRARIES = YES;
				BUNDLE_LOADER = "$(TEST_HOST)";
				INFOPLIST_FILE = bannshoTests/Info.plist;
				LD_RUNPATH_SEARCH_PATHS = "$(inherited) @executable_path/Frameworks @loader_path/Frameworks";
				PRODUCT_BUNDLE_IDENTIFIER = com.suzukirina.bannshoTests;
				PRODUCT_NAME = "$(TARGET_NAME)";
				SWIFT_VERSION = 3.0;
				TEST_HOST = "$(BUILT_PRODUCTS_DIR)/bannsho.app/bannsho";
			};
			name = Release;
		};
		434ED0921DE167E300BC8B73 /* Debug */ = {
			isa = XCBuildConfiguration;
			buildSettings = {
				ALWAYS_EMBED_SWIFT_STANDARD_LIBRARIES = YES;
				INFOPLIST_FILE = bannshoUITests/Info.plist;
				LD_RUNPATH_SEARCH_PATHS = "$(inherited) @executable_path/Frameworks @loader_path/Frameworks";
				PRODUCT_BUNDLE_IDENTIFIER = com.suzukirina.bannshoUITests;
				PRODUCT_NAME = "$(TARGET_NAME)";
				SWIFT_VERSION = 3.0;
				TEST_TARGET_NAME = bannsho;
			};
			name = Debug;
		};
		434ED0931DE167E300BC8B73 /* Release */ = {
			isa = XCBuildConfiguration;
			buildSettings = {
				ALWAYS_EMBED_SWIFT_STANDARD_LIBRARIES = YES;
				INFOPLIST_FILE = bannshoUITests/Info.plist;
				LD_RUNPATH_SEARCH_PATHS = "$(inherited) @executable_path/Frameworks @loader_path/Frameworks";
				PRODUCT_BUNDLE_IDENTIFIER = com.suzukirina.bannshoUITests;
				PRODUCT_NAME = "$(TARGET_NAME)";
				SWIFT_VERSION = 3.0;
				TEST_TARGET_NAME = bannsho;
			};
			name = Release;
		};
/* End XCBuildConfiguration section */

/* Begin XCConfigurationList section */
		434ED05E1DE167E200BC8B73 /* Build configuration list for PBXProject "bannsho" */ = {
			isa = XCConfigurationList;
			buildConfigurations = (
				434ED0891DE167E300BC8B73 /* Debug */,
				434ED08A1DE167E300BC8B73 /* Release */,
			);
			defaultConfigurationIsVisible = 0;
			defaultConfigurationName = Release;
		};
		434ED08B1DE167E300BC8B73 /* Build configuration list for PBXNativeTarget "bannsho" */ = {
			isa = XCConfigurationList;
			buildConfigurations = (
				434ED08C1DE167E300BC8B73 /* Debug */,
				434ED08D1DE167E300BC8B73 /* Release */,
			);
			defaultConfigurationIsVisible = 0;
			defaultConfigurationName = Release;
		};
		434ED08E1DE167E300BC8B73 /* Build configuration list for PBXNativeTarget "bannshoTests" */ = {
			isa = XCConfigurationList;
			buildConfigurations = (
				434ED08F1DE167E300BC8B73 /* Debug */,
				434ED0901DE167E300BC8B73 /* Release */,
			);
			defaultConfigurationIsVisible = 0;
			defaultConfigurationName = Release;
		};
		434ED0911DE167E300BC8B73 /* Build configuration list for PBXNativeTarget "bannshoUITests" */ = {
			isa = XCConfigurationList;
			buildConfigurations = (
				434ED0921DE167E300BC8B73 /* Debug */,
				434ED0931DE167E300BC8B73 /* Release */,
			);
			defaultConfigurationIsVisible = 0;
			defaultConfigurationName = Release;
		};
/* End XCConfigurationList section */
	};
	rootObject = 434ED05B1DE167E200BC8B73 /* Project object */;
}
